
Microsoft Visual Studio Solution File, Format Version 12.00
# Visual Studio Version 17
VisualStudioVersion = 17.9.34701.34
MinimumVisualStudioVersion = 10.0.40219.1
Project("{FAE04EC0-301F-11D3-BF4B-00C04F79EFBC}") = "Control Hub", "Control Hub.csproj", "{68A72A9B-97C3-476B-928B-414D9EDB0BB8}"
EndProject
Project("{2150E333-8FDC-42A3-9474-1A3956D46DE8}") = "Элементы решения", "Элементы решения", "{E54EE43A-10C6-4499-86BF-17711AAED511}"
EndProject
Global
	GlobalSection(SolutionConfigurationPlatforms) = preSolution
		Debug|Any CPU = Debug|Any CPU
		Release|Any CPU = Release|Any CPU
	EndGlobalSection
	GlobalSection(ProjectConfigurationPlatforms) = postSolution
		{68A72A9B-97C3-476B-928B-414D9EDB0BB8}.Debug|Any CPU.ActiveCfg = Debug|Any CPU
		{68A72A9B-97C3-476B-928B-414D9EDB0BB8}.Debug|Any CPU.Build.0 = Debug|Any CPU
		{68A72A9B-97C3-476B-928B-414D9EDB0BB8}.Release|Any CPU.ActiveCfg = Release|Any CPU
		{68A72A9B-97C3-476B-928B-414D9EDB0BB8}.Release|Any CPU.Build.0 = Release|Any CPU
	EndGlobalSection
	GlobalSection(SolutionProperties) = preSolution
		HideSolutionNode = FALSE
	EndGlobalSection
	GlobalSection(ExtensibilityGlobals) = postSolution
		SolutionGuid = {D916A5F7-7CE4-472D-B62D-4347BC2D17FA}
	EndGlobalSection
EndGlobal
